// !$*UTF8*$!
{
	archiveVersion = 1;
	classes = {
	};
	objectVersion = 51;
	objects = {

/* Begin PBXBuildFile section */
		8913F5E22387BC970080ECCA /* DietaAgregarPlato.swift in Sources */ = {isa = PBXBuildFile; fileRef = 8913F5E12387BC970080ECCA /* DietaAgregarPlato.swift */; };
		8913F5E42387BFD10080ECCA /* DietaEliminarPlato.swift in Sources */ = {isa = PBXBuildFile; fileRef = 8913F5E32387BFD10080ECCA /* DietaEliminarPlato.swift */; };
		8913F5E8238883160080ECCA /* LoginPaciente.swift in Sources */ = {isa = PBXBuildFile; fileRef = 8913F5E7238883160080ECCA /* LoginPaciente.swift */; };
		8913F5EA238885730080ECCA /* PacienteSalud.swift in Sources */ = {isa = PBXBuildFile; fileRef = 8913F5E9238885730080ECCA /* PacienteSalud.swift */; };
		894552B72382704100E46AFC /* MainNutricionista.swift in Sources */ = {isa = PBXBuildFile; fileRef = 894552B62382704100E46AFC /* MainNutricionista.swift */; };
		89533B922388A07B005169FA /* PacientePerfil.swift in Sources */ = {isa = PBXBuildFile; fileRef = 89533B912388A07B005169FA /* PacientePerfil.swift */; };
		89533B982388BFB5005169FA /* PacienteComida.swift in Sources */ = {isa = PBXBuildFile; fileRef = 89533B972388BFB5005169FA /* PacienteComida.swift */; };
		89533B9A2388C630005169FA /* TableViewCellPacienteDia.swift in Sources */ = {isa = PBXBuildFile; fileRef = 89533B992388C630005169FA /* TableViewCellPacienteDia.swift */; };
		89533B9E2388CB3F005169FA /* TableViewCellPacienteHorario.swift in Sources */ = {isa = PBXBuildFile; fileRef = 89533B9D2388CB3F005169FA /* TableViewCellPacienteHorario.swift */; };
		89533BA02388D62B005169FA /* PacienteHorarioP.swift in Sources */ = {isa = PBXBuildFile; fileRef = 89533B9F2388D62B005169FA /* PacienteHorarioP.swift */; };
		89533BA22388F381005169FA /* PacientePlatoDietaP.swift in Sources */ = {isa = PBXBuildFile; fileRef = 89533BA12388F381005169FA /* PacientePlatoDietaP.swift */; };
		89533BA52388F5A1005169FA /* TableViewCellPacientePlatosDietaP.swift in Sources */ = {isa = PBXBuildFile; fileRef = 89533BA42388F5A1005169FA /* TableViewCellPacientePlatosDietaP.swift */; };
		89533BA72388FAE1005169FA /* PropiedadesPlatoElegidoP.swift in Sources */ = {isa = PBXBuildFile; fileRef = 89533BA62388FAE1005169FA /* PropiedadesPlatoElegidoP.swift */; };
		89533BA92388FE44005169FA /* PacienteIngredientesP.swift in Sources */ = {isa = PBXBuildFile; fileRef = 89533BA82388FE44005169FA /* PacienteIngredientesP.swift */; };
		89533BAB2388FEEC005169FA /* TableViewCellIngredientesPlatoSeleccionado.swift in Sources */ = {isa = PBXBuildFile; fileRef = 89533BAA2388FEEC005169FA /* TableViewCellIngredientesPlatoSeleccionado.swift */; };
		89533BAD23890BFE005169FA /* PacientePasosPlatoP.swift in Sources */ = {isa = PBXBuildFile; fileRef = 89533BAC23890BFE005169FA /* PacientePasosPlatoP.swift */; };
		89533BB123890C2C005169FA /* TableViewCellPasosPaciente.swift in Sources */ = {isa = PBXBuildFile; fileRef = 89533BB023890C2C005169FA /* TableViewCellPasosPaciente.swift */; };
		89533BB323891028005169FA /* CrearPaciente.swift in Sources */ = {isa = PBXBuildFile; fileRef = 89533BB223891027005169FA /* CrearPaciente.swift */; };
		8962AB8A2385D434001B7D1C /* MainNutricionistaPaciente.swift in Sources */ = {isa = PBXBuildFile; fileRef = 8962AB892385D434001B7D1C /* MainNutricionistaPaciente.swift */; };
		8962AB902385EE10001B7D1C /* State.swift in Sources */ = {isa = PBXBuildFile; fileRef = 8962AB8F2385EE10001B7D1C /* State.swift */; };
		8962AB922385F296001B7D1C /* MainNutricionistapacienteEditar.swift in Sources */ = {isa = PBXBuildFile; fileRef = 8962AB912385F296001B7D1C /* MainNutricionistapacienteEditar.swift */; };
		897AF6992382B50600F1E744 /* Main.swift in Sources */ = {isa = PBXBuildFile; fileRef = 897AF6982382B50500F1E744 /* Main.swift */; };
		897AF69B2382C07E00F1E744 /* NotasNutricionista.swift in Sources */ = {isa = PBXBuildFile; fileRef = 897AF69A2382C07E00F1E744 /* NotasNutricionista.swift */; };
		897AF69D2382C19700F1E744 /* AgregarNotasNutricionista.swift in Sources */ = {isa = PBXBuildFile; fileRef = 897AF69C2382C19700F1E744 /* AgregarNotasNutricionista.swift */; };
		897AF6A22382C41900F1E744 /* TableViewCell.swift in Sources */ = {isa = PBXBuildFile; fileRef = 897AF6A12382C41900F1E744 /* TableViewCell.swift */; };
		897AF6A423835A9F00F1E744 /* TablePaciente.swift in Sources */ = {isa = PBXBuildFile; fileRef = 897AF6A323835A9F00F1E744 /* TablePaciente.swift */; };
		897AF6A723835B8100F1E744 /* Paciente.swift in Sources */ = {isa = PBXBuildFile; fileRef = 897AF6A623835B8100F1E744 /* Paciente.swift */; };
		89C15ADA238630C100D77D30 /* DietaHorario.swift in Sources */ = {isa = PBXBuildFile; fileRef = 89C15AD9238630C100D77D30 /* DietaHorario.swift */; };
		89C15ADE238632C900D77D30 /* TableViewCellHoras.swift in Sources */ = {isa = PBXBuildFile; fileRef = 89C15ADD238632C900D77D30 /* TableViewCellHoras.swift */; };
		89C15AE0238635DA00D77D30 /* Dieta.swift in Sources */ = {isa = PBXBuildFile; fileRef = 89C15ADF238635DA00D77D30 /* Dieta.swift */; };
		89C15AE22386374C00D77D30 /* DietaAgregar.swift in Sources */ = {isa = PBXBuildFile; fileRef = 89C15AE12386374C00D77D30 /* DietaAgregar.swift */; };
		89C15AE423863D1200D77D30 /* Platos.swift in Sources */ = {isa = PBXBuildFile; fileRef = 89C15AE323863D1200D77D30 /* Platos.swift */; };
		89C15AE623863DA600D77D30 /* TableViewCellPlatos.swift in Sources */ = {isa = PBXBuildFile; fileRef = 89C15AE523863DA600D77D30 /* TableViewCellPlatos.swift */; };
		89C796FF2386135D008348FC /* TableViewCellHorarios.swift in Sources */ = {isa = PBXBuildFile; fileRef = 89C796FE2386135D008348FC /* TableViewCellHorarios.swift */; };
		89C79701238613D5008348FC /* DietaDias.swift in Sources */ = {isa = PBXBuildFile; fileRef = 89C79700238613D5008348FC /* DietaDias.swift */; };
		89E7B8D62381FCE6004B0E81 /* AppDelegate.swift in Sources */ = {isa = PBXBuildFile; fileRef = 89E7B8D52381FCE6004B0E81 /* AppDelegate.swift */; };
		89E7B8D82381FCE6004B0E81 /* SceneDelegate.swift in Sources */ = {isa = PBXBuildFile; fileRef = 89E7B8D72381FCE6004B0E81 /* SceneDelegate.swift */; };
		89E7B8DA2381FCE6004B0E81 /* ViewController.swift in Sources */ = {isa = PBXBuildFile; fileRef = 89E7B8D92381FCE6004B0E81 /* ViewController.swift */; };
		89E7B8DD2381FCE6004B0E81 /* Main.storyboard in Resources */ = {isa = PBXBuildFile; fileRef = 89E7B8DB2381FCE6004B0E81 /* Main.storyboard */; settings = {ASSET_TAGS = (asa, ); }; };
		89E7B8E02381FCE6004B0E81 /* Nu34life.xcdatamodeld in Sources */ = {isa = PBXBuildFile; fileRef = 89E7B8DE2381FCE6004B0E81 /* Nu34life.xcdatamodeld */; };
		89E7B8E22381FCE8004B0E81 /* Assets.xcassets in Resources */ = {isa = PBXBuildFile; fileRef = 89E7B8E12381FCE8004B0E81 /* Assets.xcassets */; };
		89E7B8E52381FCE8004B0E81 /* LaunchScreen.storyboard in Resources */ = {isa = PBXBuildFile; fileRef = 89E7B8E32381FCE8004B0E81 /* LaunchScreen.storyboard */; };
		89E7B8ED23820101004B0E81 /* LoginNutricionist.swift in Sources */ = {isa = PBXBuildFile; fileRef = 89E7B8EC23820101004B0E81 /* LoginNutricionist.swift */; };
		89E7B8EF2382017D004B0E81 /* CrearNutricionista.swift in Sources */ = {isa = PBXBuildFile; fileRef = 89E7B8EE2382017D004B0E81 /* CrearNutricionista.swift */; };
		FB2D73728F4DC5F75DFAD912 /* Pods_Nu34life.framework in Frameworks */ = {isa = PBXBuildFile; fileRef = 5AFB0284D91492557DE19C2D /* Pods_Nu34life.framework */; };
/* End PBXBuildFile section */

/* Begin PBXFileReference section */
		5AFB0284D91492557DE19C2D /* Pods_Nu34life.framework */ = {isa = PBXFileReference; explicitFileType = wrapper.framework; includeInIndex = 0; path = Pods_Nu34life.framework; sourceTree = BUILT_PRODUCTS_DIR; };
		83E6B4B6495551AB1FC2F628 /* Pods-Nu34life.release.xcconfig */ = {isa = PBXFileReference; includeInIndex = 1; lastKnownFileType = text.xcconfig; name = "Pods-Nu34life.release.xcconfig"; path = "Target Support Files/Pods-Nu34life/Pods-Nu34life.release.xcconfig"; sourceTree = "<group>"; };
		8913F5E12387BC970080ECCA /* DietaAgregarPlato.swift */ = {isa = PBXFileReference; lastKnownFileType = sourcecode.swift; name = DietaAgregarPlato.swift; path = ../DietaAgregarPlato.swift; sourceTree = "<group>"; };
		8913F5E32387BFD10080ECCA /* DietaEliminarPlato.swift */ = {isa = PBXFileReference; lastKnownFileType = sourcecode.swift; path = DietaEliminarPlato.swift; sourceTree = "<group>"; };
		8913F5E7238883160080ECCA /* LoginPaciente.swift */ = {isa = PBXFileReference; lastKnownFileType = sourcecode.swift; path = LoginPaciente.swift; sourceTree = "<group>"; };
		8913F5E9238885730080ECCA /* PacienteSalud.swift */ = {isa = PBXFileReference; lastKnownFileType = sourcecode.swift; path = PacienteSalud.swift; sourceTree = "<group>"; };
		894552B62382704100E46AFC /* MainNutricionista.swift */ = {isa = PBXFileReference; lastKnownFileType = sourcecode.swift; path = MainNutricionista.swift; sourceTree = "<group>"; };
		89533B912388A07B005169FA /* PacientePerfil.swift */ = {isa = PBXFileReference; lastKnownFileType = sourcecode.swift; path = PacientePerfil.swift; sourceTree = "<group>"; };
		89533B972388BFB5005169FA /* PacienteComida.swift */ = {isa = PBXFileReference; lastKnownFileType = sourcecode.swift; path = PacienteComida.swift; sourceTree = "<group>"; };
		89533B992388C630005169FA /* TableViewCellPacienteDia.swift */ = {isa = PBXFileReference; lastKnownFileType = sourcecode.swift; path = TableViewCellPacienteDia.swift; sourceTree = "<group>"; };
		89533B9D2388CB3F005169FA /* TableViewCellPacienteHorario.swift */ = {isa = PBXFileReference; lastKnownFileType = sourcecode.swift; path = TableViewCellPacienteHorario.swift; sourceTree = "<group>"; };
		89533B9F2388D62B005169FA /* PacienteHorarioP.swift */ = {isa = PBXFileReference; lastKnownFileType = sourcecode.swift; path = PacienteHorarioP.swift; sourceTree = "<group>"; };
		89533BA12388F381005169FA /* PacientePlatoDietaP.swift */ = {isa = PBXFileReference; lastKnownFileType = sourcecode.swift; path = PacientePlatoDietaP.swift; sourceTree = "<group>"; };
		89533BA42388F5A1005169FA /* TableViewCellPacientePlatosDietaP.swift */ = {isa = PBXFileReference; lastKnownFileType = sourcecode.swift; path = TableViewCellPacientePlatosDietaP.swift; sourceTree = "<group>"; };
		89533BA62388FAE1005169FA /* PropiedadesPlatoElegidoP.swift */ = {isa = PBXFileReference; lastKnownFileType = sourcecode.swift; path = PropiedadesPlatoElegidoP.swift; sourceTree = "<group>"; };
		89533BA82388FE44005169FA /* PacienteIngredientesP.swift */ = {isa = PBXFileReference; lastKnownFileType = sourcecode.swift; path = PacienteIngredientesP.swift; sourceTree = "<group>"; };
		89533BAA2388FEEC005169FA /* TableViewCellIngredientesPlatoSeleccionado.swift */ = {isa = PBXFileReference; lastKnownFileType = sourcecode.swift; path = TableViewCellIngredientesPlatoSeleccionado.swift; sourceTree = "<group>"; };
		89533BAC23890BFE005169FA /* PacientePasosPlatoP.swift */ = {isa = PBXFileReference; lastKnownFileType = sourcecode.swift; path = PacientePasosPlatoP.swift; sourceTree = "<group>"; };
		89533BB023890C2C005169FA /* TableViewCellPasosPaciente.swift */ = {isa = PBXFileReference; lastKnownFileType = sourcecode.swift; path = TableViewCellPasosPaciente.swift; sourceTree = "<group>"; };
		89533BB223891027005169FA /* CrearPaciente.swift */ = {isa = PBXFileReference; lastKnownFileType = sourcecode.swift; path = CrearPaciente.swift; sourceTree = "<group>"; };
		8962AB892385D434001B7D1C /* MainNutricionistaPaciente.swift */ = {isa = PBXFileReference; lastKnownFileType = sourcecode.swift; path = MainNutricionistaPaciente.swift; sourceTree = "<group>"; };
		8962AB8F2385EE10001B7D1C /* State.swift */ = {isa = PBXFileReference; lastKnownFileType = sourcecode.swift; path = State.swift; sourceTree = "<group>"; };
		8962AB912385F296001B7D1C /* MainNutricionistapacienteEditar.swift */ = {isa = PBXFileReference; lastKnownFileType = sourcecode.swift; path = MainNutricionistapacienteEditar.swift; sourceTree = "<group>"; };
		897AF6982382B50500F1E744 /* Main.swift */ = {isa = PBXFileReference; lastKnownFileType = sourcecode.swift; path = Main.swift; sourceTree = "<group>"; };
		897AF69A2382C07E00F1E744 /* NotasNutricionista.swift */ = {isa = PBXFileReference; lastKnownFileType = sourcecode.swift; path = NotasNutricionista.swift; sourceTree = "<group>"; };
		897AF69C2382C19700F1E744 /* AgregarNotasNutricionista.swift */ = {isa = PBXFileReference; lastKnownFileType = sourcecode.swift; path = AgregarNotasNutricionista.swift; sourceTree = "<group>"; };
		897AF6A12382C41900F1E744 /* TableViewCell.swift */ = {isa = PBXFileReference; lastKnownFileType = sourcecode.swift; path = TableViewCell.swift; sourceTree = "<group>"; };
		897AF6A323835A9F00F1E744 /* TablePaciente.swift */ = {isa = PBXFileReference; lastKnownFileType = sourcecode.swift; path = TablePaciente.swift; sourceTree = "<group>"; };
		897AF6A623835B8100F1E744 /* Paciente.swift */ = {isa = PBXFileReference; lastKnownFileType = sourcecode.swift; path = Paciente.swift; sourceTree = "<group>"; };
		89C15AD9238630C100D77D30 /* DietaHorario.swift */ = {isa = PBXFileReference; lastKnownFileType = sourcecode.swift; path = DietaHorario.swift; sourceTree = "<group>"; };
		89C15ADD238632C900D77D30 /* TableViewCellHoras.swift */ = {isa = PBXFileReference; lastKnownFileType = sourcecode.swift; path = TableViewCellHoras.swift; sourceTree = "<group>"; };
		89C15ADF238635DA00D77D30 /* Dieta.swift */ = {isa = PBXFileReference; lastKnownFileType = sourcecode.swift; path = Dieta.swift; sourceTree = "<group>"; };
		89C15AE12386374C00D77D30 /* DietaAgregar.swift */ = {isa = PBXFileReference; lastKnownFileType = sourcecode.swift; path = DietaAgregar.swift; sourceTree = "<group>"; };
		89C15AE323863D1200D77D30 /* Platos.swift */ = {isa = PBXFileReference; lastKnownFileType = sourcecode.swift; path = Platos.swift; sourceTree = "<group>"; };
		89C15AE523863DA600D77D30 /* TableViewCellPlatos.swift */ = {isa = PBXFileReference; lastKnownFileType = sourcecode.swift; path = TableViewCellPlatos.swift; sourceTree = "<group>"; };
		89C796FE2386135D008348FC /* TableViewCellHorarios.swift */ = {isa = PBXFileReference; lastKnownFileType = sourcecode.swift; path = TableViewCellHorarios.swift; sourceTree = "<group>"; };
		89C79700238613D5008348FC /* DietaDias.swift */ = {isa = PBXFileReference; lastKnownFileType = sourcecode.swift; path = DietaDias.swift; sourceTree = "<group>"; };
		89E7B8D22381FCE6004B0E81 /* Nu34life.app */ = {isa = PBXFileReference; explicitFileType = wrapper.application; includeInIndex = 0; path = Nu34life.app; sourceTree = BUILT_PRODUCTS_DIR; };
		89E7B8D52381FCE6004B0E81 /* AppDelegate.swift */ = {isa = PBXFileReference; lastKnownFileType = sourcecode.swift; path = AppDelegate.swift; sourceTree = "<group>"; };
		89E7B8D72381FCE6004B0E81 /* SceneDelegate.swift */ = {isa = PBXFileReference; lastKnownFileType = sourcecode.swift; path = SceneDelegate.swift; sourceTree = "<group>"; };
		89E7B8D92381FCE6004B0E81 /* ViewController.swift */ = {isa = PBXFileReference; lastKnownFileType = sourcecode.swift; path = ViewController.swift; sourceTree = "<group>"; };
		89E7B8DC2381FCE6004B0E81 /* Base */ = {isa = PBXFileReference; lastKnownFileType = file.storyboard; name = Base; path = Base.lproj/Main.storyboard; sourceTree = "<group>"; };
		89E7B8DF2381FCE6004B0E81 /* Nu34life.xcdatamodel */ = {isa = PBXFileReference; explicitFileType = wrapper.xcdatamodel; path = Nu34life.xcdatamodel; sourceTree = "<group>"; };
		89E7B8E12381FCE8004B0E81 /* Assets.xcassets */ = {isa = PBXFileReference; lastKnownFileType = folder.assetcatalog; path = Assets.xcassets; sourceTree = "<group>"; };
		89E7B8E42381FCE8004B0E81 /* Base */ = {isa = PBXFileReference; lastKnownFileType = file.storyboard; name = Base; path = Base.lproj/LaunchScreen.storyboard; sourceTree = "<group>"; };
		89E7B8E62381FCE8004B0E81 /* Info.plist */ = {isa = PBXFileReference; lastKnownFileType = text.plist.xml; path = Info.plist; sourceTree = "<group>"; };
		89E7B8EC23820101004B0E81 /* LoginNutricionist.swift */ = {isa = PBXFileReference; lastKnownFileType = sourcecode.swift; path = LoginNutricionist.swift; sourceTree = "<group>"; };
		89E7B8EE2382017D004B0E81 /* CrearNutricionista.swift */ = {isa = PBXFileReference; lastKnownFileType = sourcecode.swift; path = CrearNutricionista.swift; sourceTree = "<group>"; };
		AF26526375E8176B4B1E77A1 /* Pods-Nu34life.debug.xcconfig */ = {isa = PBXFileReference; includeInIndex = 1; lastKnownFileType = text.xcconfig; name = "Pods-Nu34life.debug.xcconfig"; path = "Target Support Files/Pods-Nu34life/Pods-Nu34life.debug.xcconfig"; sourceTree = "<group>"; };
/* End PBXFileReference section */

/* Begin PBXFrameworksBuildPhase section */
		89E7B8CF2381FCE6004B0E81 /* Frameworks */ = {
			isa = PBXFrameworksBuildPhase;
			buildActionMask = 2147483647;
			files = (
				FB2D73728F4DC5F75DFAD912 /* Pods_Nu34life.framework in Frameworks */,
			);
			runOnlyForDeploymentPostprocessing = 0;
		};
/* End PBXFrameworksBuildPhase section */

/* Begin PBXGroup section */
		8913F5E5238882160080ECCA /* Nutricionista */ = {
			isa = PBXGroup;
			children = (
				89E7B8EC23820101004B0E81 /* LoginNutricionist.swift */,
				89E7B8EE2382017D004B0E81 /* CrearNutricionista.swift */,
				897AF6982382B50500F1E744 /* Main.swift */,
				894552B62382704100E46AFC /* MainNutricionista.swift */,
				897AF69A2382C07E00F1E744 /* NotasNutricionista.swift */,
				897AF69C2382C19700F1E744 /* AgregarNotasNutricionista.swift */,
				8962AB892385D434001B7D1C /* MainNutricionistaPaciente.swift */,
				8962AB912385F296001B7D1C /* MainNutricionistapacienteEditar.swift */,
				89C79700238613D5008348FC /* DietaDias.swift */,
				89C15AD9238630C100D77D30 /* DietaHorario.swift */,
				89C15ADF238635DA00D77D30 /* Dieta.swift */,
				89C15AE12386374C00D77D30 /* DietaAgregar.swift */,
				8913F5E12387BC970080ECCA /* DietaAgregarPlato.swift */,
				8913F5E32387BFD10080ECCA /* DietaEliminarPlato.swift */,
			);
			name = Nutricionista;
			sourceTree = "<group>";
		};
		8913F5E6238882CA0080ECCA /* Paciente */ = {
			isa = PBXGroup;
			children = (
				8913F5E7238883160080ECCA /* LoginPaciente.swift */,
				8913F5E9238885730080ECCA /* PacienteSalud.swift */,
				89533B912388A07B005169FA /* PacientePerfil.swift */,
				89533B972388BFB5005169FA /* PacienteComida.swift */,
				89533B9F2388D62B005169FA /* PacienteHorarioP.swift */,
				89533BA12388F381005169FA /* PacientePlatoDietaP.swift */,
				89533BA62388FAE1005169FA /* PropiedadesPlatoElegidoP.swift */,
				89533BA82388FE44005169FA /* PacienteIngredientesP.swift */,
				89533BAC23890BFE005169FA /* PacientePasosPlatoP.swift */,
				89533BB223891027005169FA /* CrearPaciente.swift */,
			);
			name = Paciente;
			sourceTree = "<group>";
		};
		897AF6A02382C38800F1E744 /* Table */ = {
			isa = PBXGroup;
			children = (
				897AF6A12382C41900F1E744 /* TableViewCell.swift */,
				897AF6A323835A9F00F1E744 /* TablePaciente.swift */,
				89C796FE2386135D008348FC /* TableViewCellHorarios.swift */,
				89C15ADD238632C900D77D30 /* TableViewCellHoras.swift */,
				89C15AE523863DA600D77D30 /* TableViewCellPlatos.swift */,
				89533B992388C630005169FA /* TableViewCellPacienteDia.swift */,
				89533B9D2388CB3F005169FA /* TableViewCellPacienteHorario.swift */,
				89533BA42388F5A1005169FA /* TableViewCellPacientePlatosDietaP.swift */,
				89533BAA2388FEEC005169FA /* TableViewCellIngredientesPlatoSeleccionado.swift */,
				89533BB023890C2C005169FA /* TableViewCellPasosPaciente.swift */,
			);
			name = Table;
			sourceTree = "<group>";
		};
		897AF6A523835B6500F1E744 /* Model */ = {
			isa = PBXGroup;
			children = (
				897AF6A623835B8100F1E744 /* Paciente.swift */,
				8962AB8F2385EE10001B7D1C /* State.swift */,
				89C15AE323863D1200D77D30 /* Platos.swift */,
			);
			name = Model;
			sourceTree = "<group>";
		};
		89E7B8C92381FCE6004B0E81 = {
			isa = PBXGroup;
			children = (
				89E7B8D42381FCE6004B0E81 /* Nu34life */,
				89E7B8D32381FCE6004B0E81 /* Products */,
				8A57A62C6BC9AB88DC137BCD /* Pods */,
				8F19B6CE2C64029DF180E824 /* Frameworks */,
			);
			sourceTree = "<group>";
		};
		89E7B8D32381FCE6004B0E81 /* Products */ = {
			isa = PBXGroup;
			children = (
				89E7B8D22381FCE6004B0E81 /* Nu34life.app */,
			);
			name = Products;
			sourceTree = "<group>";
		};
		89E7B8D42381FCE6004B0E81 /* Nu34life */ = {
			isa = PBXGroup;
			children = (
				8913F5E6238882CA0080ECCA /* Paciente */,
				8913F5E5238882160080ECCA /* Nutricionista */,
				897AF6A523835B6500F1E744 /* Model */,
				897AF6A02382C38800F1E744 /* Table */,
				89E7B8D52381FCE6004B0E81 /* AppDelegate.swift */,
				89E7B8D72381FCE6004B0E81 /* SceneDelegate.swift */,
				89E7B8D92381FCE6004B0E81 /* ViewController.swift */,
				89E7B8DB2381FCE6004B0E81 /* Main.storyboard */,
				89E7B8E12381FCE8004B0E81 /* Assets.xcassets */,
				89E7B8E32381FCE8004B0E81 /* LaunchScreen.storyboard */,
				89E7B8E62381FCE8004B0E81 /* Info.plist */,
				89E7B8DE2381FCE6004B0E81 /* Nu34life.xcdatamodeld */,
			);
			path = Nu34life;
			sourceTree = "<group>";
		};
		8A57A62C6BC9AB88DC137BCD /* Pods */ = {
			isa = PBXGroup;
			children = (
				AF26526375E8176B4B1E77A1 /* Pods-Nu34life.debug.xcconfig */,
				83E6B4B6495551AB1FC2F628 /* Pods-Nu34life.release.xcconfig */,
			);
			path = Pods;
			sourceTree = "<group>";
		};
		8F19B6CE2C64029DF180E824 /* Frameworks */ = {
			isa = PBXGroup;
			children = (
				5AFB0284D91492557DE19C2D /* Pods_Nu34life.framework */,
			);
			name = Frameworks;
			sourceTree = "<group>";
		};
/* End PBXGroup section */

/* Begin PBXNativeTarget section */
		89E7B8D12381FCE6004B0E81 /* Nu34life */ = {
			isa = PBXNativeTarget;
			buildConfigurationList = 89E7B8E92381FCE8004B0E81 /* Build configuration list for PBXNativeTarget "Nu34life" */;
			buildPhases = (
				0ED5893D9426188E5D595372 /* [CP] Check Pods Manifest.lock */,
				89E7B8CE2381FCE6004B0E81 /* Sources */,
				89E7B8CF2381FCE6004B0E81 /* Frameworks */,
				89E7B8D02381FCE6004B0E81 /* Resources */,
				6DF9A1B1729A48C0FC147D7D /* [CP] Embed Pods Frameworks */,
			);
			buildRules = (
			);
			dependencies = (
			);
			name = Nu34life;
			productName = Nu34life;
			productReference = 89E7B8D22381FCE6004B0E81 /* Nu34life.app */;
			productType = "com.apple.product-type.application";
		};
/* End PBXNativeTarget section */

/* Begin PBXProject section */
		89E7B8CA2381FCE6004B0E81 /* Project object */ = {
			isa = PBXProject;
			attributes = {
				KnownAssetTags = (
					asa,
				);
				LastSwiftUpdateCheck = 1120;
				LastUpgradeCheck = 1120;
				ORGANIZATIONNAME = "Diego Guevara";
				TargetAttributes = {
					89E7B8D12381FCE6004B0E81 = {
						CreatedOnToolsVersion = 11.2.1;
					};
				};
			};
			buildConfigurationList = 89E7B8CD2381FCE6004B0E81 /* Build configuration list for PBXProject "Nu34life" */;
			compatibilityVersion = "Xcode 9.3";
			developmentRegion = en;
			hasScannedForEncodings = 0;
			knownRegions = (
				en,
				Base,
			);
			mainGroup = 89E7B8C92381FCE6004B0E81;
			productRefGroup = 89E7B8D32381FCE6004B0E81 /* Products */;
			projectDirPath = "";
			projectRoot = "";
			targets = (
				89E7B8D12381FCE6004B0E81 /* Nu34life */,
			);
		};
/* End PBXProject section */

/* Begin PBXResourcesBuildPhase section */
		89E7B8D02381FCE6004B0E81 /* Resources */ = {
			isa = PBXResourcesBuildPhase;
			buildActionMask = 2147483647;
			files = (
				89E7B8E52381FCE8004B0E81 /* LaunchScreen.storyboard in Resources */,
				89E7B8E22381FCE8004B0E81 /* Assets.xcassets in Resources */,
				89E7B8DD2381FCE6004B0E81 /* Main.storyboard in Resources */,
			);
			runOnlyForDeploymentPostprocessing = 0;
		};
/* End PBXResourcesBuildPhase section */

/* Begin PBXShellScriptBuildPhase section */
		0ED5893D9426188E5D595372 /* [CP] Check Pods Manifest.lock */ = {
			isa = PBXShellScriptBuildPhase;
			buildActionMask = 2147483647;
			files = (
			);
			inputFileListPaths = (
			);
			inputPaths = (
				"${PODS_PODFILE_DIR_PATH}/Podfile.lock",
				"${PODS_ROOT}/Manifest.lock",
			);
			name = "[CP] Check Pods Manifest.lock";
			outputFileListPaths = (
			);
			outputPaths = (
				"$(DERIVED_FILE_DIR)/Pods-Nu34life-checkManifestLockResult.txt",
			);
			runOnlyForDeploymentPostprocessing = 0;
			shellPath = /bin/sh;
			shellScript = "diff \"${PODS_PODFILE_DIR_PATH}/Podfile.lock\" \"${PODS_ROOT}/Manifest.lock\" > /dev/null\nif [ $? != 0 ] ; then\n    # print error to STDERR\n    echo \"error: The sandbox is not in sync with the Podfile.lock. Run 'pod install' or update your CocoaPods installation.\" >&2\n    exit 1\nfi\n# This output is used by Xcode 'outputs' to avoid re-running this script phase.\necho \"SUCCESS\" > \"${SCRIPT_OUTPUT_FILE_0}\"\n";
			showEnvVarsInLog = 0;
		};
		6DF9A1B1729A48C0FC147D7D /* [CP] Embed Pods Frameworks */ = {
			isa = PBXShellScriptBuildPhase;
			buildActionMask = 2147483647;
			files = (
			);
			inputFileListPaths = (
				"${PODS_ROOT}/Target Support Files/Pods-Nu34life/Pods-Nu34life-frameworks-${CONFIGURATION}-input-files.xcfilelist",
			);
			name = "[CP] Embed Pods Frameworks";
			outputFileListPaths = (
				"${PODS_ROOT}/Target Support Files/Pods-Nu34life/Pods-Nu34life-frameworks-${CONFIGURATION}-output-files.xcfilelist",
			);
			runOnlyForDeploymentPostprocessing = 0;
			shellPath = /bin/sh;
			shellScript = "\"${PODS_ROOT}/Target Support Files/Pods-Nu34life/Pods-Nu34life-frameworks.sh\"\n";
			showEnvVarsInLog = 0;
		};
/* End PBXShellScriptBuildPhase section */

/* Begin PBXSourcesBuildPhase section */
		89E7B8CE2381FCE6004B0E81 /* Sources */ = {
			isa = PBXSourcesBuildPhase;
			buildActionMask = 2147483647;
			files = (
				89E7B8DA2381FCE6004B0E81 /* ViewController.swift in Sources */,
				897AF6992382B50600F1E744 /* Main.swift in Sources */,
				89C15AE623863DA600D77D30 /* TableViewCellPlatos.swift in Sources */,
				89533B9E2388CB3F005169FA /* TableViewCellPacienteHorario.swift in Sources */,
				89533B982388BFB5005169FA /* PacienteComida.swift in Sources */,
				89C15ADA238630C100D77D30 /* DietaHorario.swift in Sources */,
				89C15ADE238632C900D77D30 /* TableViewCellHoras.swift in Sources */,
				897AF6A723835B8100F1E744 /* Paciente.swift in Sources */,
				8962AB922385F296001B7D1C /* MainNutricionistapacienteEditar.swift in Sources */,
				89C15AE0238635DA00D77D30 /* Dieta.swift in Sources */,
				8913F5E22387BC970080ECCA /* DietaAgregarPlato.swift in Sources */,
				8913F5E42387BFD10080ECCA /* DietaEliminarPlato.swift in Sources */,
				89533B922388A07B005169FA /* PacientePerfil.swift in Sources */,
				89C79701238613D5008348FC /* DietaDias.swift in Sources */,
				89533BA22388F381005169FA /* PacientePlatoDietaP.swift in Sources */,
				89E7B8D62381FCE6004B0E81 /* AppDelegate.swift in Sources */,
				89533B9A2388C630005169FA /* TableViewCellPacienteDia.swift in Sources */,
				8962AB8A2385D434001B7D1C /* MainNutricionistaPaciente.swift in Sources */,
				89533BA72388FAE1005169FA /* PropiedadesPlatoElegidoP.swift in Sources */,
				89533BA52388F5A1005169FA /* TableViewCellPacientePlatosDietaP.swift in Sources */,
				897AF6A423835A9F00F1E744 /* TablePaciente.swift in Sources */,
				89C15AE22386374C00D77D30 /* DietaAgregar.swift in Sources */,
				89533BB323891028005169FA /* CrearPaciente.swift in Sources */,
				89533BAB2388FEEC005169FA /* TableViewCellIngredientesPlatoSeleccionado.swift in Sources */,
				8913F5E8238883160080ECCA /* LoginPaciente.swift in Sources */,
				89C796FF2386135D008348FC /* TableViewCellHorarios.swift in Sources */,
				89E7B8EF2382017D004B0E81 /* CrearNutricionista.swift in Sources */,
				897AF69D2382C19700F1E744 /* AgregarNotasNutricionista.swift in Sources */,
				8962AB902385EE10001B7D1C /* State.swift in Sources */,
				8913F5EA238885730080ECCA /* PacienteSalud.swift in Sources */,
				89533BAD23890BFE005169FA /* PacientePasosPlatoP.swift in Sources */,
				89E7B8D82381FCE6004B0E81 /* SceneDelegate.swift in Sources */,
				897AF6A22382C41900F1E744 /* TableViewCell.swift in Sources */,
				89C15AE423863D1200D77D30 /* Platos.swift in Sources */,
				894552B72382704100E46AFC /* MainNutricionista.swift in Sources */,
				89533BB123890C2C005169FA /* TableViewCellPasosPaciente.swift in Sources */,
				89533BA02388D62B005169FA /* PacienteHorarioP.swift in Sources */,
				897AF69B2382C07E00F1E744 /* NotasNutricionista.swift in Sources */,
				89533BA92388FE44005169FA /* PacienteIngredientesP.swift in Sources */,
				89E7B8ED23820101004B0E81 /* LoginNutricionist.swift in Sources */,
				89E7B8E02381FCE6004B0E81 /* Nu34life.xcdatamodeld in Sources */,
			);
			runOnlyForDeploymentPostprocessing = 0;
		};
/* End PBXSourcesBuildPhase section */

/* Begin PBXVariantGroup section */
		89E7B8DB2381FCE6004B0E81 /* Main.storyboard */ = {
			isa = PBXVariantGroup;
			children = (
				89E7B8DC2381FCE6004B0E81 /* Base */,
			);
			name = Main.storyboard;
			sourceTree = "<group>";
		};
		89E7B8E32381FCE8004B0E81 /* LaunchScreen.storyboard */ = {
			isa = PBXVariantGroup;
			children = (
				89E7B8E42381FCE8004B0E81 /* Base */,
			);
			name = LaunchScreen.storyboard;
			sourceTree = "<group>";
		};
/* End PBXVariantGroup section */

/* Begin XCBuildConfiguration section */
		89E7B8E72381FCE8004B0E81 /* Debug */ = {
			isa = XCBuildConfiguration;
			buildSettings = {
				ALWAYS_SEARCH_USER_PATHS = NO;
				CLANG_ANALYZER_NONNULL = YES;
				CLANG_ANALYZER_NUMBER_OBJECT_CONVERSION = YES_AGGRESSIVE;
				CLANG_CXX_LANGUAGE_STANDARD = "gnu++14";
				CLANG_CXX_LIBRARY = "libc++";
				CLANG_ENABLE_MODULES = YES;
				CLANG_ENABLE_OBJC_ARC = YES;
				CLANG_ENABLE_OBJC_WEAK = YES;
				CLANG_WARN_BLOCK_CAPTURE_AUTORELEASING = YES;
				CLANG_WARN_BOOL_CONVERSION = YES;
				CLANG_WARN_COMMA = YES;
				CLANG_WARN_CONSTANT_CONVERSION = YES;
				CLANG_WARN_DEPRECATED_OBJC_IMPLEMENTATIONS = YES;
				CLANG_WARN_DIRECT_OBJC_ISA_USAGE = YES_ERROR;
				CLANG_WARN_DOCUMENTATION_COMMENTS = YES;
				CLANG_WARN_EMPTY_BODY = YES;
				CLANG_WARN_ENUM_CONVERSION = YES;
				CLANG_WARN_INFINITE_RECURSION = YES;
				CLANG_WARN_INT_CONVERSION = YES;
				CLANG_WARN_NON_LITERAL_NULL_CONVERSION = YES;
				CLANG_WARN_OBJC_IMPLICIT_RETAIN_SELF = YES;
				CLANG_WARN_OBJC_LITERAL_CONVERSION = YES;
				CLANG_WARN_OBJC_ROOT_CLASS = YES_ERROR;
				CLANG_WARN_RANGE_LOOP_ANALYSIS = YES;
				CLANG_WARN_STRICT_PROTOTYPES = YES;
				CLANG_WARN_SUSPICIOUS_MOVE = YES;
				CLANG_WARN_UNGUARDED_AVAILABILITY = YES_AGGRESSIVE;
				CLANG_WARN_UNREACHABLE_CODE = YES;
				CLANG_WARN__DUPLICATE_METHOD_MATCH = YES;
				COPY_PHASE_STRIP = NO;
				DEBUG_INFORMATION_FORMAT = dwarf;
				ENABLE_STRICT_OBJC_MSGSEND = YES;
				ENABLE_TESTABILITY = YES;
				GCC_C_LANGUAGE_STANDARD = gnu11;
				GCC_DYNAMIC_NO_PIC = NO;
				GCC_NO_COMMON_BLOCKS = YES;
				GCC_OPTIMIZATION_LEVEL = 0;
				GCC_PREPROCESSOR_DEFINITIONS = (
					"DEBUG=1",
					"$(inherited)",
				);
				GCC_WARN_64_TO_32_BIT_CONVERSION = YES;
				GCC_WARN_ABOUT_RETURN_TYPE = YES_ERROR;
				GCC_WARN_UNDECLARED_SELECTOR = YES;
				GCC_WARN_UNINITIALIZED_AUTOS = YES_AGGRESSIVE;
				GCC_WARN_UNUSED_FUNCTION = YES;
				GCC_WARN_UNUSED_VARIABLE = YES;
				IPHONEOS_DEPLOYMENT_TARGET = 13.2;
				MTL_ENABLE_DEBUG_INFO = INCLUDE_SOURCE;
				MTL_FAST_MATH = YES;
				ONLY_ACTIVE_ARCH = YES;
				SDKROOT = iphoneos;
				SWIFT_ACTIVE_COMPILATION_CONDITIONS = DEBUG;
				SWIFT_OPTIMIZATION_LEVEL = "-Onone";
			};
			name = Debug;
		};
		89E7B8E82381FCE8004B0E81 /* Release */ = {
			isa = XCBuildConfiguration;
			buildSettings = {
				ALWAYS_SEARCH_USER_PATHS = NO;
				CLANG_ANALYZER_NONNULL = YES;
				CLANG_ANALYZER_NUMBER_OBJECT_CONVERSION = YES_AGGRESSIVE;
				CLANG_CXX_LANGUAGE_STANDARD = "gnu++14";
				CLANG_CXX_LIBRARY = "libc++";
				CLANG_ENABLE_MODULES = YES;
				CLANG_ENABLE_OBJC_ARC = YES;
				CLANG_ENABLE_OBJC_WEAK = YES;
				CLANG_WARN_BLOCK_CAPTURE_AUTORELEASING = YES;
				CLANG_WARN_BOOL_CONVERSION = YES;
				CLANG_WARN_COMMA = YES;
				CLANG_WARN_CONSTANT_CONVERSION = YES;
				CLANG_WARN_DEPRECATED_OBJC_IMPLEMENTATIONS = YES;
				CLANG_WARN_DIRECT_OBJC_ISA_USAGE = YES_ERROR;
				CLANG_WARN_DOCUMENTATION_COMMENTS = YES;
				CLANG_WARN_EMPTY_BODY = YES;
				CLANG_WARN_ENUM_CONVERSION = YES;
				CLANG_WARN_INFINITE_RECURSION = YES;
				CLANG_WARN_INT_CONVERSION = YES;
				CLANG_WARN_NON_LITERAL_NULL_CONVERSION = YES;
				CLANG_WARN_OBJC_IMPLICIT_RETAIN_SELF = YES;
				CLANG_WARN_OBJC_LITERAL_CONVERSION = YES;
				CLANG_WARN_OBJC_ROOT_CLASS = YES_ERROR;
				CLANG_WARN_RANGE_LOOP_ANALYSIS = YES;
				CLANG_WARN_STRICT_PROTOTYPES = YES;
				CLANG_WARN_SUSPICIOUS_MOVE = YES;
				CLANG_WARN_UNGUARDED_AVAILABILITY = YES_AGGRESSIVE;
				CLANG_WARN_UNREACHABLE_CODE = YES;
				CLANG_WARN__DUPLICATE_METHOD_MATCH = YES;
				COPY_PHASE_STRIP = NO;
				DEBUG_INFORMATION_FORMAT = "dwarf-with-dsym";
				ENABLE_NS_ASSERTIONS = NO;
				ENABLE_STRICT_OBJC_MSGSEND = YES;
				GCC_C_LANGUAGE_STANDARD = gnu11;
				GCC_NO_COMMON_BLOCKS = YES;
				GCC_WARN_64_TO_32_BIT_CONVERSION = YES;
				GCC_WARN_ABOUT_RETURN_TYPE = YES_ERROR;
				GCC_WARN_UNDECLARED_SELECTOR = YES;
				GCC_WARN_UNINITIALIZED_AUTOS = YES_AGGRESSIVE;
				GCC_WARN_UNUSED_FUNCTION = YES;
				GCC_WARN_UNUSED_VARIABLE = YES;
				IPHONEOS_DEPLOYMENT_TARGET = 13.2;
				MTL_ENABLE_DEBUG_INFO = NO;
				MTL_FAST_MATH = YES;
				SDKROOT = iphoneos;
				SWIFT_COMPILATION_MODE = wholemodule;
				SWIFT_OPTIMIZATION_LEVEL = "-O";
				VALIDATE_PRODUCT = YES;
			};
			name = Release;
		};
		89E7B8EA2381FCE8004B0E81 /* Debug */ = {
			isa = XCBuildConfiguration;
			baseConfigurationReference = AF26526375E8176B4B1E77A1 /* Pods-Nu34life.debug.xcconfig */;
			buildSettings = {
				ASSETCATALOG_COMPILER_APPICON_NAME = AppIcon;
				CODE_SIGN_STYLE = Automatic;
				INFOPLIST_FILE = Nu34life/Info.plist;
				LD_RUNPATH_SEARCH_PATHS = (
					"$(inherited)",
					"@executable_path/Frameworks",
				);
				PRODUCT_BUNDLE_IDENTIFIER = com.Nu34life.Nu34life;
				PRODUCT_NAME = "$(TARGET_NAME)";
				SWIFT_VERSION = 5.0;
				TARGETED_DEVICE_FAMILY = "1,2";
			};
			name = Debug;
		};
		89E7B8EB2381FCE8004B0E81 /* Release */ = {
			isa = XCBuildConfiguration;
			baseConfigurationReference = 83E6B4B6495551AB1FC2F628 /* Pods-Nu34life.release.xcconfig */;
			buildSettings = {
				ASSETCATALOG_COMPILER_APPICON_NAME = AppIcon;
				CODE_SIGN_STYLE = Automatic;
				INFOPLIST_FILE = Nu34life/Info.plist;
				LD_RUNPATH_SEARCH_PATHS = (
					"$(inherited)",
					"@executable_path/Frameworks",
				);
				PRODUCT_BUNDLE_IDENTIFIER = com.Nu34life.Nu34life;
				PRODUCT_NAME = "$(TARGET_NAME)";
				SWIFT_VERSION = 5.0;
				TARGETED_DEVICE_FAMILY = "1,2";
			};
			name = Release;
		};
/* End XCBuildConfiguration section */

/* Begin XCConfigurationList section */
		89E7B8CD2381FCE6004B0E81 /* Build configuration list for PBXProject "Nu34life" */ = {
			isa = XCConfigurationList;
			buildConfigurations = (
				89E7B8E72381FCE8004B0E81 /* Debug */,
				89E7B8E82381FCE8004B0E81 /* Release */,
			);
			defaultConfigurationIsVisible = 0;
			defaultConfigurationName = Release;
		};
		89E7B8E92381FCE8004B0E81 /* Build configuration list for PBXNativeTarget "Nu34life" */ = {
			isa = XCConfigurationList;
			buildConfigurations = (
				89E7B8EA2381FCE8004B0E81 /* Debug */,
				89E7B8EB2381FCE8004B0E81 /* Release */,
			);
			defaultConfigurationIsVisible = 0;
			defaultConfigurationName = Release;
		};
/* End XCConfigurationList section */

/* Begin XCVersionGroup section */
		89E7B8DE2381FCE6004B0E81 /* Nu34life.xcdatamodeld */ = {
			isa = XCVersionGroup;
			children = (
				89E7B8DF2381FCE6004B0E81 /* Nu34life.xcdatamodel */,
			);
			currentVersion = 89E7B8DF2381FCE6004B0E81 /* Nu34life.xcdatamodel */;
			path = Nu34life.xcdatamodeld;
			sourceTree = "<group>";
			versionGroupType = wrapper.xcdatamodel;
		};
/* End XCVersionGroup section */
	};
	rootObject = 89E7B8CA2381FCE6004B0E81 /* Project object */;
}
